<Solution>
  <Project Path="../CLIArray/CLIArray.csproj" Id="f85290a4-4e2d-42d9-b64f-f711e84915f8" />
  <Project Path="../CLIDemo/CLIDemo.csproj" Id="f745f3e1-afaa-417c-a138-2a4c049d7fcd" />
  <Project Path="../ConsoleAppFW/ConsoleAppFW.csproj" Id="38fed3f5-4e7e-4d81-adbc-db5a8be308ed" />
  <Project Path="ConsoleApp1.csproj" />
</Solution>
